
Microsoft Visual Studio Solution File, Format Version 12.00
# Visual Studio 15
VisualStudioVersion = 15.0.28307.329
MinimumVisualStudioVersion = 10.0.40219.1
Project("{9A19103F-16F7-4668-BE54-9A1E7A4F7556}") = "ConsoleApp1", "ConsoleApp1\ConsoleApp1.csproj", "{37423531-E8A7-46FA-961A-96DF2EB664B9}"
EndProject
Project("{2150E333-8FDC-42A3-9474-1A3956D46DE8}") = "Solution Items", "Solution Items", "{A438BB86-9416-4280-AF33-96BFEB73D08B}"
	ProjectSection(SolutionItems) = preProject
		Beer-Recipes.json = Beer-Recipes.json
	EndProjectSection
EndProject
Global
	GlobalSection(SolutionConfigurationPlatforms) = preSolution
		Debug|Any CPU = Debug|Any CPU
		Release|Any CPU = Release|Any CPU
	EndGlobalSection
	GlobalSection(ProjectConfigurationPlatforms) = postSolution
		{37423531-E8A7-46FA-961A-96DF2EB664B9}.Debug|Any CPU.ActiveCfg = Debug|Any CPU
		{37423531-E8A7-46FA-961A-96DF2EB664B9}.Debug|Any CPU.Build.0 = Debug|Any CPU
		{37423531-E8A7-46FA-961A-96DF2EB664B9}.Release|Any CPU.ActiveCfg = Release|Any CPU
		{37423531-E8A7-46FA-961A-96DF2EB664B9}.Release|Any CPU.Build.0 = Release|Any CPU
	EndGlobalSection
	GlobalSection(SolutionProperties) = preSolution
		HideSolutionNode = FALSE
	EndGlobalSection
	GlobalSection(ExtensibilityGlobals) = postSolution
		SolutionGuid = {B18AF17E-D03F-4D64-AA3F-90FA385E8D14}
	EndGlobalSection
EndGlobal
